YªçŠx-®éÜj×¢ëiºÚ+Š§j[h‘éÜ¢éí×®ü÷Dèµ©hºÚn¶X§zÍ^Âˆ›˜[YHŽˆœÚ[\YšH‹ˆ™\œÚ[ÛˆŽˆŒŒKŒ‹ˆ›ØÚÙš[U™\œÚ[ÛˆŽˆËˆœ™\]Z\™\ÈŽˆYKˆœXÚØYÙ\ÈŽˆÂˆˆŽˆÂˆ›˜[YHŽˆœÚ[\YšH‹ˆ™\œÚ[ÛˆŽˆŒŒKŒ‹ˆ™\[™[˜ÚY\ÈŽˆÂˆÛ\šËÛ™^œÈŽˆ—ËKŽH‹ˆXKØØ\Xš[]K\™YÚ\ÝžHŽˆ™š[N‹‹Ý™[™Ü‹ØØ\Xš[]K\™YÚ\ÝžH‹ˆXKÛ[Ù[KY[™Ú[™HŽˆ™š[N‹‹Ý™[™Ü‹Û[Ù[KY[™Ú[™H‹ˆXKÜ^[Y[ËXÛÛ˜XÝŽˆ™š[N‹‹Ý™[™Ü‹Ü^[Y[ËXÛÛ˜XÝ‹ˆXKÜ\œÛÛ˜[]KY[™Ú[™HŽˆ™š[N‹‹Ý™[™Ü‹Ü\œÛÛ˜[]KY[™Ú[™H‹ˆXKÜÜ[XÚ\ÜÚ\ÈŽˆ™š[N‹‹Ý™[™Ü‹ÜÜ[XÚ\ÜÚ\È‹ˆXKÜ™[Z][KXÚ\ÜÚ\ÈŽˆ™š[N‹‹Ý™[™Ü‹Ü™[Z][KXÚ\ÜÚ\È‹ˆXKÝ[YKY[™Ú[™HŽˆ™š[N‹‹Ý™[™Ü‹Ý[YKY[™Ú[™H‹ˆXKÝÙXœÚ]KY[™Ú[™HŽˆ™š[N‹‹Ý™[™Ü‹ÝÙXœÚ]KY[™Ú[™H‹ˆXKÝÛÜšÜÜXÙKY[™Ú[™HŽˆ™š[N‹‹Ý™[™Ü‹ÝÛÜšÜÜXÙKY[™Ú[™H‹ˆ[Ø[[™\‹ØÛÜ™HŽˆ—‹ŒKŒŒH‹ˆ[Ø[[™\‹Ù^YÜšYŽˆ—‹ŒKŒŒH‹ˆ[Ø[[™\‹Ú[\˜XÝ[ÛˆŽˆ—‹ŒKŒŒH‹ˆ[Ø[[™\‹Ü™XXÝŽˆ—‹ŒKŒŒH‹ˆ[Ø[[™\‹Ý[YYÜšYŽˆ—‹ŒKŒŒH‹ˆYX\Ý\™YÜXÚÈŽˆ—ŒŒŒŒˆ‹ˆ™[[Ý[Û‹Ø[™\ˆŽˆ—ŒLÈ‹ˆ™[[Ý[Û‹ØÛHŽˆ—ŒLÈ‹ˆ™[[Ý[Û‹Ü™[™\™\ˆŽˆ—ŒLÈ‹ˆÙ[žKÛ™^œÈŽˆ—ŒLNKŒ‹ˆ™\˜Ù[Ø›ØˆŽˆ—Œ‹ŽŒ‹ˆ™œ˜[Y\‹[[Ý[ÛˆŽˆ—ŒL‹Œ‹ˆ™ÜØ\Žˆ—ŒËŒMKŒ‹ˆšZXÌ˜[žHŽˆ—ŒŒ‹ˆšœÞš\Žˆ—ŒËŒLŒH‹ˆ›[š\ÈŽˆ—ŒKŒËŒŒÈ‹ˆ›X[[[ÝŽˆ—ŒKŒL‹Œ‹ˆ›™^ŽˆŒM‹Œ‹ŽH‹ˆœ‹\\œÙHŽˆ—Œ‹H‹ˆœ\˜ÛÙHŽˆ—ŒKK‹ˆœ™XXÝŽˆŒNKŒ‹‹ˆœ™XXÝYÛHŽˆŒNKŒ‹‹ˆœ™[[Ý[ÛˆŽˆ—ŒLÈ‹ˆœÝš\HŽˆ—ŒŒ‹Œ‹ŒH‹ˆž›ÙŽˆ—ŒËŒKÍˆ‚ˆKˆ™]‘\[™[˜ÚY\ÈŽˆÂˆ^]ÜšYÚÝ\ÝŽˆ—ŒKŒKŒ‹ˆZ[Ú[™ÜÜËÜÜÝÜÜÈŽˆ—‹ˆ\\ËÛ›ÙHŽˆ—ŒŒ‹ˆ\\ËÜ\˜ÛÙHŽˆ—ŒKKˆ‹ˆ\\ËÜ™XXÝŽˆ—ŒNH‹ˆ\\ËÜ™XXÝYÛHŽˆ—ŒNH‹ˆ™\Û[Žˆ—ŽH‹ˆ™\Û[XÛÛ™šYË[™^ŽˆŒM‹Œ‹ŽH‹ˆ™\Û[\YÚ[‹\™XXÝZÛÚÜÈŽˆ—ËŒKŒH‹ˆZ[Ú[™ÜÜÈŽˆ—‹ˆÞŽˆ—ŒŒËŒH‹ˆ\\ØÜš\Žˆ—H‚ˆBˆKˆ››ÙWÛ[Ù[\ËÐ[ØËÜ]ZXÚË[HŽˆÂˆ™\œÚ[ÛˆŽˆKŒ‹Œ‹ˆœ™\ÛÛ™YŽˆšÎ‹ËÜ™YÚ\ÝžK›œZœË›Ü™ËÐ[ØËÜ]ZXÚË[KËKÜ]ZXÚË[KMKŒ‹ŒÞˆ‹ˆš[YÜš]HŽˆœÚMLL‹U\˜ÐPŠÍ•\‘PØ›UP‘\–Ý˜œÕKÕÕ•Ù›X™Ò™˜šÝÚP^šTÎYÞÑ^]ZYXÙ™ÔNZ™ÛUÍšTÌÊÞUÒÓÏOH‹ˆ™]ˆŽˆYKˆ›XÙ[œÙHŽˆ“RU‹ˆ™[™Ú[™\ÈŽˆÂˆ››ÙHŽˆLL‚ˆKˆ™[™[™ÈŽˆÂˆ\›ŽˆšÎ‹ËÙÚ]X‹˜ÛÛKÜÜÛœÛÜœËÜÚ[™™\ÛÜš\È‚ˆBˆKˆ››ÙWÛ[Ù[\ËÐ\KZœËXÛÛX‹ØÛÙK]˜[œÙ›Ü›Y\ˆŽˆÂˆ™\œÚ[ÛˆŽˆŒŒMKŒ‹ˆœ™\ÛÛ™YŽˆšÎ‹ËÜ™YÚ\ÝžK›œZœË›Ü™ËÐ\KZœËXÛÛX‹ØÛÙK]˜[œÙ›Ü›Y\‹ËKØÛÙK]˜[œÙ›Ü›Y\‹LŒMKŒÞˆ‹ˆš[YÜš]HŽˆœÚMLL‹VVUœÎÞ’ŒPZÎ[›Õ˜›ŒÙUSËÖÝžUTœÜ^ØUMÑÖTZŒÒÓÔS‘ŒÚÚÔÙVLÍÝžÚÕLÝMÓÐZÑTLÝÝÏOH‹ˆ›XÙ[œÙHŽˆ\XÚKL‹Œ‹ˆ™\[™[˜ÚY\ÈŽˆÂˆ\\ËÙ\Ý™YHŽˆ—ŒKŒŽ‹ˆ˜\Ýš[™ÈŽˆ—ŒKŽKŒ‹ˆ™\Ü]Y\žHŽˆ—ŒKËŒ‹ˆ›Y\š^XZŽˆ—‹ŒK‹ˆœÙ[ZYšY\ÈŽˆ—ŒKŒŒ‹ˆœÛÝ\˜ÙK[X\Žˆ—Œ‹Œ‚ˆKˆ˜š[ˆŽˆÂˆ˜ÛÙK]˜[œÙ›Ü›Y\ˆŽˆ˜ÛKšœÈ‚ˆBˆKˆ››ÙWÛ[Ù[\ËÐ\KZœËXÛÛX‹ØÛÙK]˜[œÙ›Ü›Y\‹X[™\‹\YÚ[œÈŽˆÂˆ™\œÚ[ÛˆŽˆŒKŒ‹ˆœ™\ÛÛ™YŽˆšÎ‹ËÜ™YÚ\ÝžK›œZœË›Ü™ËÐ\KZœËXÛÛX‹ØÛÙK]˜[œÙ›Ü›Y\‹X[™\‹\YÚ[œËËKØÛÙK]˜[œÙ›Ü›Y\‹X[™\‹\YÚ[œËLKŒÞˆ‹ˆš[YÜš]HŽˆœÚMLL‹V^–M[‘Û\“ÔYR“M™MYÌÝPœ\ÙÞPKÍ\’VÚTŽV’•
ÖL“LÕÌ˜ÔÛØÙš•Ô–]KÙ›œPY”OOH‹ˆ›XÙ[œÙHŽˆ“RU‹ˆ™\[™[˜ÚY\ÈŽˆÂˆ\KZœËXÛÛX‹ØÛÙK]˜[œÙ›Ü›Y\ˆŽˆ—ŒŒMKŒ‹ˆ™\Ë[[Ù[K[^\ˆŽˆ—Œ‹ŒKŒ‹ˆ›XYÚXË\Ýš[™ÈŽˆ—ŒŒÌŒŒH‹ˆ›[Ù[KY]Z[ËYœ›ÛK\]Žˆ—ŒKŒ‚ˆKˆ™[™Ú[™\ÈŽˆÂˆ››ÙHŽˆLNŒŒ‚ˆBˆKˆ››ÙWÛ[Ù[\ËÐ\KZœËXÛÛX‹Ý˜XÚ[™ËZÛÚÜÈŽˆÂˆ™\œÚ[ÛˆŽˆŒŒLŒ‹ˆœ™\ÛÛ™YŽˆšÎ‹ËÜ™YÚ\ÝžK›œZœË›Ü™ËÐ\KZœËXÛÛX‹Ý˜XÚ[™ËZÛÚÜËËKÝ˜XÚ[™ËZÛÚÜËLŒLŒÞˆ‹ˆš[YÜš]HŽˆœÚMLL‹L‹ÖŒÓ•]Ò•UZÛ\ÔÛÍX’›•YZÙ]QSÓ\[MžSM›L”›™ŠÝÜ‘™]‘™šRÔ™QœPœ›ŠÝÞXQÝPOOH‹ˆ›XÙ[œÙHŽˆ\XÚKL‹Œ‹ˆ™\[™[˜ÚY\ÈŽˆÂˆ\KZœËXÛÛX‹ØÛÙK]˜[œÙ›Ü›Y\ˆŽˆ—ŒŒMKŒ‹ˆ™XYÈŽˆ—ŒH‹ˆ›[Ù[KY]Z[ËYœ›ÛK\]Žˆ—ŒKŒ‚ˆBˆKˆ››ÙWÛ[Ù[\ËÐ˜X™[ØÛÙKYœ˜[YHŽˆÂˆ™\œÚ[ÛˆŽˆËŒŽKÈ‹ˆœ™\ÛÛ™YŽˆšÎ‹ËÜ™YÚ\ÝžK›œZœË›Ü™ËÐ˜X™[ØÛÙKYœ˜[YKËKØÛÙKYœ˜[YKMËŒŽKËÞˆ‹ˆš[YÜš]HŽˆœÚMLL‹P]\ØUSÙœUYÌ”“ÓÒ“’]ÍYŽQP›LRZÛKÛX[Q“‹ÖTYÓÍÐÚŒÞLÜÑR”‘™ÍÜÚTŠÜT’[ÖœZRÝÏOH‹ˆ›XÙ[œÙHŽˆ“RU‹ˆ™\[™[˜ÚY\ÈŽˆÂˆ˜X™[Ú[\‹]˜[Y]Ü‹ZY[YšY\ˆŽˆ—ËŒŽKÈ‹ˆšœË]ÚÙ[œÈŽˆ—ŒŒ‹ˆœXÛØÛÛÜœÈŽˆ—ŒKŒKŒH‚ˆKˆ™[™Ú[™\ÈŽˆÂˆ››ÙHŽˆM‹ŽKŒ‚ˆBˆKˆ››ÙWÛ[Ù[\ËÐ˜X™[ØÛÛ\]Y]HŽˆÂˆ™\œÚ[ÛˆŽˆËŒŽKÈ‹ˆœ™\ÛÛ™YŽˆšÎ‹ËÜ™YÚ\ÝžK›œZœË›Ü™ËÐ˜X™[ØÛÛ\]Y]KËKØÛÛ\]Y]KMËŒŽKËÞˆ‹ˆš[YÜš]HŽˆœÚMLL‹[ØÕÔ^RÝÒQYÐž•œ›ŽŽLÙX˜ÎMÑŒ•N’˜–ÑQ›Œ•ÜÕØØRÓÙÜXËÚXÓÑ‘MÜ]ÔNRÍZ’Ó˜M‘ÙÏOH‹ˆ›XÙ[œÙHŽˆ“RU‹ˆ™[™Ú[™\ÈŽˆÂˆ››ÙHŽˆM‹ŽKŒ‚ˆBˆKˆ››ÙWÛ[Ù[\ËÐ˜X™[ØÛÜ™HŽˆÂˆ™\œÚ[ÛˆŽˆËŒŽKÈ‹ˆœ™\ÛÛ™YŽˆšÎ‹ËÜ™YÚ\ÝžK›œZœË›Ü™ËÐ˜X™[ØÛÜ™KËKØÛÜ™KMËŒŽKËÞˆ‹ˆš[YÜš]HŽˆœÚMLL‹T™ÒÝ˜“ÒÌ™ÖÓ“’ZÓ›ÑXÎ\[Õ‘]]LÚŽÑ\RÔ]SÒZX’Ø\•Ñ‘RLÓ›M‘VRÚÓ[ÚTÜšŽXŠØÚRÕOOH‹ˆ›XÙ[œÙHŽˆ“RU‹ˆ™\[™[˜ÚY\ÈŽˆÂˆ˜X™[ØÛÙKYœ˜[YHŽˆ—ËŒŽKÈ‹ˆ˜X™[ÙÙ[™\˜]ÜˆŽˆ—ËŒŽKÈ‹ˆ˜X™[Ú[\‹XÛÛ\[][Û‹]\™Ù]ÈŽˆ—ËŒŽKÈ‹ˆ˜X™[Ú[\‹[[Ù[K]˜[œÙ›Ü›\ÈŽˆ—ËŒŽKÈ‹ˆ˜X™[Ú[\œÈŽˆ—ËŒŽKÈ‹ˆ˜X™[Ü\œÙ\ˆŽˆ—ËŒŽKÈ‹ˆ˜X™[Ý[\]HŽˆ—ËŒŽKÈ‹ˆ˜X™[Ý˜]™\œÙHŽˆ—ËŒŽKÈ‹ˆ˜X™[Ý\\ÈŽˆ—ËŒŽKÈ‹ˆœšYÙ]Ù[Ü™[X\[™ÈŽˆ—Œ‹ŒËH‹ˆ˜ÛÛ™\\ÛÝ\˜ÙK[X\Žˆ—Œ‹ŒŒ‹ˆ™XYÈŽˆ—ŒKŒ‹ˆ™Ù[œÞ[˜ÈŽˆ—ŒKŒŒX™]KŒˆ‹ˆšœÛÛHŽˆ—Œ‹Œ‹ŒÈ‹ˆœÙ[]™\ˆŽˆ—‹ŒËŒH‚ˆKˆ™[™Ú[™\ÈŽˆÂˆ››ÙHŽˆM‹ŽKŒ‚ˆKˆ™[™[™ÈŽˆÂˆ\HŽˆ›Ü[˜ÛÛXÝ]™H‹ˆ\›ŽˆšÎ‹ËÛÜ[˜ÛÛXÝ]™K˜ÛÛKØ˜X™[‚ˆBˆKˆ››ÙWÛ[Ù[\ËÐ˜X™[ÙÙ[™\˜]ÜˆŽˆÂˆ™\œÚ[ÛˆŽˆËŒŽKÈ‹ˆœ™\ÛÛ™YŽˆšÎ‹ËÜ™YÚ\ÝžK›œZœË›Ü™ËÐ˜X™[ÙÙ[™\˜]Ü‹ËKÙÙ[™\˜]Ü‹MËŒŽKËÞˆ‹ˆš[YÜš]HŽˆœÚMLL‹QÖSÒ”XPTRYŒXÕV™[’[ŽR[YÒU™ÕQ™JÛÛžNSÚÍ\œŽVU’ÑÑLZ
ÑØÛ‹Ñ›‘ÚÓ™ŽŠÕšS“Ò•ÝOOH‹ˆ›XÙ[œÙHŽˆ“RU‹ˆ™\[™[˜ÚY\ÈŽˆÂˆ˜X™[Ü\œÙ\ˆŽˆ—ËŒŽKÈ‹ˆ˜X™[Ý\\ÈŽˆ—ËŒŽKÈ‹ˆœšYÙ]Ù[ÙÙ[‹[X\[™ÈŽˆ—ŒŒËŒLˆ‹ˆœšYÙ]Ù[Ý˜XÙK[X\[™ÈŽˆ—ŒŒËŒŽ‹ˆšœÙ\ØÈŽˆ—ŒËŒŒˆ‚ˆKˆ™[™Ú[™\ÈŽˆÂˆ››ÙHŽˆM‹ŽKŒ‚ˆBˆKˆ››ÙWÛ[Ù[\ËÐ˜X™[Ú[\‹XÛÛ\[][Û‹]\™Ù]ÈŽˆÂˆ™\œÚ[ÛˆŽˆËŒŽKÈ‹ˆœ™\ÛÛ™YŽˆšÎ‹ËÜ™YÚ\ÝžK›œZœË›Ü™ËÐ˜X™[Ú[\‹XÛÛ\[][Û‹]\™Ù]ËËKÚ[\‹XÛÛ\[][Û‹]\™Ù]ËMËŒŽKËÞˆ‹ˆš[YÜš]HŽˆœÚMLL‹]Ù[M•ØPš˜U–U™š˜XÑTÍ–’ŠÒÐ™”ÚÕQÖVž”Ü›LÑN]•M[˜USšSÞ[
ÐZŒZ]^”PÌYÏOH‹ˆ›XÙ[œÙHŽˆ“RU‹ˆ™\[™[˜ÚY\ÈŽˆÂˆ˜X™[ØÛÛ\]Y]HŽˆ—ËŒŽKÈ‹ˆ˜X™[Ú[\‹]˜[Y]Ü‹[Ü[ÛˆŽˆ—ËŒŽKÈ‹ˆ˜œ›ÝÜÙ\œÛ\ÝŽˆ—ŒŒ‹ˆ›KXØXÚHŽˆ—KŒKŒH‹ˆœÙ[]™\ˆŽˆ—‹ŒËŒH‚ˆKˆ™[™Ú[™\ÈŽˆÂˆ››ÙHŽˆM‹ŽKŒ‚ˆBˆKˆ››ÙWÛ[Ù[\ËÐ˜X™[Ú[\‹YÛØ˜[ÈŽˆÂˆ™\œÚ[ÛˆŽˆËŒŽKÈ‹ˆœ™\ÛÛ™YŽˆšÎ‹ËÜ™YÚ\ÝžK›œZœË›Ü™ËÐ˜X™[Ú[\‹YÛØ˜[ËËKÚ[\‹YÛØ˜[ËMËŒŽKËÞˆ‹ˆš[YÜš]HŽˆœÚMLL‹LÛ”U•P]šÒÒ^˜Z•ÙÝÎM’˜ËÝQ“ÛZPÑLZÔ^Ž‘L›UÛR™Úž˜“›ÐÌŒ›TU˜ZUÙT]M[”KÍ›™L]ÚOOH‹ˆ›XÙ[œÙHŽˆ“RU‹ˆ™[™Ú[™\ÈŽˆÂˆ››ÙHŽˆM‹ŽKŒ‚ˆBˆKˆ››ÙWÛ[Ù[\ËÐ˜X™[Ú[\‹[[Ù[KZ[\ÜÈŽˆÂˆ™\œÚ[ÛˆŽˆËŒŽKÈ‹ˆœ™\ÛÛ™YŽˆšÎ‹ËÜ™YÚ\ÝžK›œZœË›Ü™ËÐ˜X™[Ú[\‹[[Ù[KZ[\ÜËËKÚ[\‹[[Ù[KZ[\ÜËMËŒŽKËÞˆ‹ˆš[YÜš]HŽˆœÚMLL‹YZ’Ü”TVXÛN^•]”ÚŒ’QÛ^’[“ŒÍVÚÝœNTZXÝÝ^œLUž˜ÛKÝÑŽœLPÙÎ‘Ì‘Ó‹Ñ[Z™ÜÐÕÛ\LÙÏOH‹ˆ›XÙ[œÙHŽˆ“RU‹ˆ™\[™[˜ÚY\ÈŽˆÂˆ˜X™[Ý˜]™\œÙHŽˆ—ËŒŽKÈ‹ˆ˜X™[Ý\\ÈŽˆ—ËŒŽKÈ‚ˆKˆ™[™Ú[™\ÈŽˆÂˆ››ÙHŽˆM‹ŽKŒ‚ˆBˆKˆ››ÙWÛ[Ù[\ËÐ˜X™[Ú[\‹[[Ù[K]˜[œÙ›Ü›\ÈŽˆÂˆ™\œÚ[ÛˆŽˆËŒŽKÈ‹ˆœ™\ÛÛ™YŽˆšÎ‹ËÜ™YÚ\ÝžK›œZœË›Ü™ËÐ˜X™[Ú[\‹[[Ù[K]˜[œÙ›Ü›\ËËKÚ[\‹[[Ù[K]˜[œÙ›Ü›\ËMËŒŽKËÞˆ‹ˆš[YÜš]HŽˆœÚMLL‹UTU”ÞV“ÚŒÒÚPÒQÔTÙÝÕÞ‘ÙP’ÓØRŽT‘Y›™Ò]ÓTÞž”Í
ÙŒYŒZ˜Õž˜™Î‘“V[Ý•”ÕY›UYÏOH‹ˆ›XÙ[œÙHŽˆ“RU‹ˆ™\[™[˜ÚY\ÈŽˆÂˆ˜X™[Ú[\‹[[Ù[KZ[\ÜÈŽˆ—ËŒŽKÈ‹ˆ˜X™[Ú[\‹]˜[Y]Ü‹ZY[YšY\ˆŽˆ—ËŒŽKÈ‹ˆ˜X™[Ý˜]™\œÙHŽˆ—ËŒŽKÈ‚ˆKˆ™[™Ú[™\ÈŽˆÂˆ››ÙHŽˆM‹ŽKŒ‚ˆKˆœY\‘\[™[˜ÚY\ÈŽˆÂˆ˜X™[ØÛÜ™HŽˆ—ËŒŒ‚ˆBˆKˆµë_=ÒÚ$z{-®éÜj×v": true,
      "license": "MIT",
      "optional": true,
      "os": [
        "linux"
      ],
      "engines": {
        "node": ">= 10"
      }
    },
    "vendor/portal-chassis/node_modules/@next/swc-linux-arm64-musl": {
      "version": "15.5.19",
      "resolved": "https://registry.npmjs.org/@next/swc-linux-arm64-musl/-/swc-linux-arm64-musl-15.5.19.tgz",
      "integrity": "sha512-5xTOE0lDlDCSSfp+BAif7j17VRRCjWp//ZPZy6NI0QpdrhxtQnsZguSx0xAAZ0c9XZLrLLwCe/XVe5YPrRilKw==",
      "cpu": [
        "arm64"
      ],
      "dev": true,
      "license": "MIT",
      "optional": true,
      "os": [
        "linux"
      ],
      "engines": {
        "node": ">= 10"
      }
    },
    "vendor/portal-chassis/node_modules/@next/swc-linux-x64-gnu": {
      "version": "15.5.19",
      "resolved": "https://registry.npmjs.org/@next/swc-linux-x64-gnu/-/swc-linux-x64-gnu-15.5.19.tgz",
      "integrity": "sha512-LTxRmMgqqMv05Had879W00Fm53quiJd3Zuz8h1JSNJ3nGSlbZ/7Tjs1tKyScgN3Au3t3MyPsjPlq60fMmSHLsg==",
      "cpu": [
        "x64"
      ],
      "dev": true,
      "license": "MIT",
      "optional": true,
      "os": [
        "linux"
      ],
      "engines": {
        "node": ">= 10"
      }
    },
    "vendor/portal-chassis/node_modules/@next/swc-linux-x64-musl": {
      "version": "15.5.19",
      "resolved": "https://registry.npmjs.org/@next/swc-linux-x64-musl/-/swc-linux-x64-musl-15.5.19.tgz",
      "integrity": "sha512-eoNQSpA5PQfB9wBO4RA47MTDXWz1fizy9Y3Z6e4DetYIF3dvjuu8sj7aIGn/bFCU6lnFzTK34NtCaffP4NsQ7Q==",
      "cpu": [
        "x64"
      ],
      "dev": true,
      "license": "MIT",
      "optional": true,
      "os": [
        "linux"
      ],
      "engines": {
        "node": ">= 10"
      }
    },
    "vendor/portal-chassis/node_modules/@next/swc-win32-arm64-msvc": {
      "version": "15.5.19",
      "resolved": "https://registry.npmjs.org/@next/swc-win32-arm64-msvc/-/swc-win32-arm64-msvc-15.5.19.tgz",
      "integrity": "sha512-6UNt2dFuCHOe446sm/Kp69nUe8/wIhnh9bm6Xcqw4qEWCOppLMOvhTBVgvM7invVUNr4SPpP6NOQsACtn2IN9Q==",
      "cpu": [
        "arm64"
      ],
      "dev": true,
      "license": "MIT",
      "optional": true,
      "os": [
        "win32"
      ],
      "engines": {
        "node": ">= 10"
      }
    },
    "vendor/portal-chassis/node_modules/@next/swc-win32-x64-msvc": {
      "version": "15.5.19",
      "resolved": "https://registry.npmjs.org/@next/swc-win32-x64-msvc/-/swc-win32-x64-msvc-15.5.19.tgz",
      "integrity": "sha512-PhmojAHyqMne56HBLGu9dhDnHPuFmEjrXSQMM/nW0J6j849lk3ESrVtqNJcCk8CKOV7brpTTbaYAjwKPzKM69w==",
      "cpu": [
        "x64"
      ],
      "dev": true,
      "license": "MIT",
      "optional": true,
      "os": [
        "win32"
      ],
      "engines": {
        "node": ">= 10"
      }
    },
    "vendor/portal-chassis/node_modules/csstype": {
      "version": "3.1.3",
      "resolved": "https://registry.npmjs.org/csstype/-/csstype-3.1.3.tgz",
      "integrity": "sha512-M1uQkMl8rQK/szD0LNhtqxIPLpimGm8sOBwU7lLnCpSbTyY3yeU1Vc7l4KT5zT4s/yOxHH5O7tIuuLOCnLADRw==",
      "dev": true,
      "license": "MIT"
    },
    "vendor/portal-chassis/node_modules/next": {
      "version": "15.5.19",
      "resolved": "https://registry.npmjs.org/next/-/next-15.5.19.tgz",
      "integrity": "sha512-xNOW6tYshGX1/Oi3F8uuk4gpDeWsSUE/1Z0G5uUMekIxaQ0xc03UXd9II0VQHYMWviMeA0OHpJFAKsHf8bTYVg==",
      "dev": true,
      "license": "MIT",
      "dependencies": {
        "@next/env": "15.5.19",
        "@swc/helpers": "0.5.15",
        "caniuse-lite": "^1.0.30001579",
        "postcss": "8.4.31",
        "styled-jsx": "5.1.6"
      },
      "bin": {
        "next": "dist/bin/next"
      },
      "engines": {
        "node": "^18.18.0 || ^19.8.0 || >= 20.0.0"
      },
      "optionalDependencies": {
        "@next/swc-darwin-arm64": "15.5.19",
        "@next/swc-darwin-x64": "15.5.19",
        "@next/swc-linux-arm64-gnu": "15.5.19",
        "@next/swc-linux-arm64-musl": "15.5.19",
        "@next/swc-linux-x64-gnu": "15.5.19",
        "@next/swc-linux-x64-musl": "15.5.19",
        "@next/swc-win32-arm64-msvc": "15.5.19",
        "@next/swc-win32-x64-msvc": "15.5.19",
        "sharp": "^0.34.3"
      },
      "peerDependencies": {
        "@opentelemetry/api": "^1.1.0",
        "@playwright/test": "^1.51.1",
        "babel-plugin-react-compiler": "*",
        "react": "^18.2.0 || 19.0.0-rc-de68d2f4-20241204 || ^19.0.0",
        "react-dom": "^18.2.0 || 19.0.0-rc-de68d2f4-20241204 || ^19.0.0",
        "sass": "^1.3.0"
      },
      "peerDependenciesMeta": {
        "@opentelemetry/api": {
          "optional": true
        },
        "@playwright/test": {
          "optional": true
        },
        "babel-plugin-react-compiler": {
          "optional": true
        },
        "sass": {
          "optional": true
        }
      }
    },
    "vendor/portal-chassis/node_modules/postcss": {
      "version": "8.4.31",
      "resolved": "https://registry.npmjs.org/postcss/-/postcss-8.4.31.tgz",
      "integrity": "sha512-PS08Iboia9mts/2ygV3eLpY5ghnUcfLV/EXTOW1E2qYxJKGGBUtNjN76FYHnMs36RmARn41bC0AZmn+rR0OVpQ==",
      "dev": true,
      "funding": [
        {
          "type": "opencollective",
          "url": "https://opencollective.com/postcss/"
        },
        {
          "type": "tidelift",
          "url": "https://tidelift.com/funding/github/npm/postcss"
        },
        {
          "type": "github",
          "url": "https://github.com/sponsors/ai"
        }
      ],
      "license": "MIT",
      "dependencies": {
        "nanoid": "^3.3.6",
        "picocolors": "^1.0.0",
        "source-map-js": "^1.0.2"
      },
      "engines": {
        "node": "^10 || ^12 || >=14"
      }
    },
    "vendor/portal-chassis/node_modules/resolve-from": {
      "version": "5.0.0",
      "resolved": "https://registry.npmjs.org/resolve-from/-/resolve-from-5.0.0.tgz",
      "integrity": "sha512-qYg9KP24dD5qka9J47d0aVky0N+b4fTU89LN9iDnjB5waksiC49rvMB0PrUJQGoTmH50XPiqOvAjDfaijGxYZw==",
      "dev": true,
      "license": "MIT",
      "engines": {
        "node": ">=8"
      }
    },
    "vendor/portal-chassis/node_modules/source-map": {
      "version": "0.7.6",
      "resolved": "https://registry.npmjs.org/source-map/-/source-map-0.7.6.tgz",
      "integrity": "sha512-i5uvt8C3ikiWeNZSVZNWcfZPItFQOsYTUAOkcUPGd8DqDy1uOUikjt5dG+uRlwyvR108Fb9DOd4GvXfT0N2/uQ==",
      "dev": true,
      "license": "BSD-3-Clause",
      "engines": {
        "node": ">= 12"
      }
    },
    "vendor/portal-chassis/node_modules/tsup": {
      "version": "8.5.1",
      "resolved": "https://registry.npmjs.org/tsup/-/tsup-8.5.1.tgz",
      "integrity": "sha512-xtgkqwdhpKWr3tKPmCkvYmS9xnQK3m3XgxZHwSUjvfTjp7YfXe5tT3GgWi0F2N+ZSMsOeWeZFh7ZZFg5iPhing==",
      "dev": true,
      "license": "MIT",
      "dependencies": {
        "bundle-require": "^5.1.0",
        "cac": "^6.7.14",
        "chokidar": "^4.0.3",
        "consola": "^3.4.0",
        "debug": "^4.4.0",
        "esbuild": "^0.27.0",
        "fix-dts-default-cjs-exports": "^1.0.0",
        "joycon": "^3.1.1",
        "picocolors": "^1.1.1",
        "postcss-load-config": "^6.0.1",
        "resolve-from": "^5.0.0",
        "rollup": "^4.34.8",
        "source-map": "^0.7.6",
        "sucrase": "^3.35.0",
        "tinyexec": "^0.3.2",
        "tinyglobby": "^0.2.11",
        "tree-kill": "^1.2.2"
      },
      "bin": {
        "tsup": "dist/cli-default.js",
        "tsup-node": "dist/cli-node.js"
      },
      "engines": {
        "node": ">=18"
      },
      "peerDependencies": {
        "@microsoft/api-extractor": "^7.36.0",
        "@swc/core": "^1",
        "postcss": "^8.4.12",
        "typescript": ">=4.5.0"
      },
      "peerDependenciesMeta": {
        "@microsoft/api-extractor": {
          "optional": true
        },
        "@swc/core": {
          "optional": true
        },
        "postcss": {
          "optional": true
        },
        "typescript": {
          "optional": true
        }
      }
    },
    "vendor/premium-chassis": {
      "name": "@ea/premium-chassis",
      "version": "0.1.0",
      "license": "UNLICENSED"
    },
    "vendor/theme-engine": {
      "name": "@ea/theme-engine",
      "version": "0.1.0",
      "license": "UNLICENSED",
      "devDependencies": {
        "typescript": "^5.8.0"
      }
    },
    "vendor/website-engine": {
      "name": "@ea/website-engine",
      "version": "0.1.0",
      "license": "UNLICENSED",
      "devDependencies": {
        "typescript": "^5.8.0"
      }
    },
    "vendor/workspace-engine": {
      "name": "@ea/workspace-engine",
      "version": "0.1.0",
      "license": "UNLICENSED",
      "dependencies": {
        "@ea/capability-registry": "file:../capability-registry",
        "@ea/module-engine": "file:../module-engine",
        "@ea/personality-engine": "file:../personality-engine",
        "@ea/theme-engine": "file:../theme-engine"
      },
      "devDependencies": {
        "typescript": "^5.8.0"
      }
    }
  }
}
